
Microsoft Visual Studio Solution File, Format Version 12.00
# Visual Studio Version 16
VisualStudioVersion = 25.0.1703.7
MinimumVisualStudioVersion = 10.0.40219.1
Project("{FAE04EC0-301F-11D3-BF4B-00C04F79EFBC}") = "RobotWars", "RobotWars\RobotWars.csproj", "{9E9A5CD0-2F9F-4292-8F4C-121872BBC313}"
EndProject
Global
	GlobalSection(SolutionConfigurationPlatforms) = preSolution
		Debug|Any CPU = Debug|Any CPU
		Release|Any CPU = Release|Any CPU
	EndGlobalSection
	GlobalSection(ProjectConfigurationPlatforms) = postSolution
		{9E9A5CD0-2F9F-4292-8F4C-121872BBC313}.Debug|Any CPU.ActiveCfg = Debug|Any CPU
		{9E9A5CD0-2F9F-4292-8F4C-121872BBC313}.Debug|Any CPU.Build.0 = Debug|Any CPU
		{9E9A5CD0-2F9F-4292-8F4C-121872BBC313}.Release|Any CPU.ActiveCfg = Release|Any CPU
		{9E9A5CD0-2F9F-4292-8F4C-121872BBC313}.Release|Any CPU.Build.0 = Release|Any CPU
	EndGlobalSection
	GlobalSection(SolutionProperties) = preSolution
		HideSolutionNode = FALSE
	EndGlobalSection
	GlobalSection(ExtensibilityGlobals) = postSolution
		SolutionGuid = {06A098EE-A074-42E4-B735-1884C400CC1E}
	EndGlobalSection
EndGlobal
